
Microsoft Visual Studio Solution File, Format Version 12.00
# Visual Studio Version 17
VisualStudioVersion = 17.12.35527.113
MinimumVisualStudioVersion = 10.0.40219.1
Project("{FAE04EC0-301F-11D3-BF4B-00C04F79EFBC}") = "Apple1", "Apple1.csproj", "{47CE600A-5700-4A1C-92E3-693C7259826D}"
EndProject
Project("{2150E333-8FDC-42A3-9474-1A3956D46DE8}") = "Apple1 Service", "Apple1 Service", "{C2D0312A-5D65-4509-AB4F-7444BF6CC76C}"
EndProject
Project("{2150E333-8FDC-42A3-9474-1A3956D46DE8}") = "Core", "Core", "{48081EA9-F78E-44BB-AD8B-383328EDEC5A}"
EndProject
Project("{FAE04EC0-301F-11D3-BF4B-00C04F79EFBC}") = "Apple1 Domain", "Core\Apple1 Domain\Apple1 Domain.csproj", "{D96E7980-8A33-45AC-AB8E-E12E1D774D45}"
EndProject
Project("{FAE04EC0-301F-11D3-BF4B-00C04F79EFBC}") = "Apple1 Services", "Core\Apple1 Services\Apple1 Services.csproj", "{227CBC43-006A-4CB4-8EFB-6BE647129818}"
EndProject
Project("{FAE04EC0-301F-11D3-BF4B-00C04F79EFBC}") = "Apple1 Services.Abstractions", "Core\Apple1 Services.Abstractions\Apple1 Services.Abstractions.csproj", "{219E8CA9-88FB-46F8-8AA9-D1740E6FBF67}"
EndProject
Project("{2150E333-8FDC-42A3-9474-1A3956D46DE8}") = "Infrastructure", "Infrastructure", "{95BFA1DA-BE71-405E-9985-01CBEE0A13D7}"
EndProject
Project("{FAE04EC0-301F-11D3-BF4B-00C04F79EFBC}") = "Presistence", "Infrastructure\Presistence\Presistence.csproj", "{8F28807A-20E9-4609-B256-84F178B689E4}"
EndProject
Project("{FAE04EC0-301F-11D3-BF4B-00C04F79EFBC}") = "Presentation", "Infrastructure\Presentation\Presentation.csproj", "{66688F77-3657-49CC-B8C4-8A54AFD7E6EA}"
EndProject
Project("{FAE04EC0-301F-11D3-BF4B-00C04F79EFBC}") = "Shared", "Shared\Shared.csproj", "{4D1DFA76-9C1E-490B-B5F9-FD663B549DD4}"
EndProject
Project("{2150E333-8FDC-42A3-9474-1A3956D46DE8}") = "Elsha3er Service", "Elsha3er Service", "{869A1232-B3F3-4F09-8FE5-BCD88A69689E}"
EndProject
Project("{FAE04EC0-301F-11D3-BF4B-00C04F79EFBC}") = "Elsha3er", "..\Elsha3er Service\Elsha3er.csproj", "{D40EE146-AB6A-453E-B6AF-37866A3E4B01}"
EndProject
Project("{2150E333-8FDC-42A3-9474-1A3956D46DE8}") = "Core", "Core", "{DFE49464-2956-4029-AF66-2129275B9EA8}"
EndProject
Project("{FAE04EC0-301F-11D3-BF4B-00C04F79EFBC}") = "Elsha3er Domain", "..\Elsha3er Service\Core\Elsha3er Domain\Elsha3er Domain.csproj", "{5E245712-99F3-4788-913D-BE29B2F598C5}"
EndProject
Project("{FAE04EC0-301F-11D3-BF4B-00C04F79EFBC}") = "Elsha3er Services", "..\Elsha3er Service\Core\Elsha3er Services\Elsha3er Services.csproj", "{4BDCC3A3-117F-4C99-AEE9-2281090EE9F9}"
EndProject
Project("{FAE04EC0-301F-11D3-BF4B-00C04F79EFBC}") = "Elsha3er Services.Abstractions", "..\Elsha3er Service\Core\Elsha3er Services.Abstractions\Elsha3er Services.Abstractions.csproj", "{97741FE1-0143-4365-B110-B999A60F0B5F}"
EndProject
Project("{2150E333-8FDC-42A3-9474-1A3956D46DE8}") = "Infrastructure", "Infrastructure", "{A9E6A1C1-67CB-4D2B-B14A-54D97AE84594}"
EndProject
Project("{FAE04EC0-301F-11D3-BF4B-00C04F79EFBC}") = "Elsha3er_Shared", "..\Elsha3er Service\Elsha3er  Shared\Elsha3er_Shared.csproj", "{3E47AE24-DC3E-46C6-8047-B865A1A5F0F9}"
EndProject
Project("{FAE04EC0-301F-11D3-BF4B-00C04F79EFBC}") = "Elsha3er Presentation", "..\Elsha3er Service\Infrastructure\Elsha3er Presentation\Elsha3er Presentation.csproj", "{97A3EACE-1B9C-4D46-A336-C675918D7427}"
EndProject
Project("{FAE04EC0-301F-11D3-BF4B-00C04F79EFBC}") = "Elsha3er Presistence", "..\Elsha3er Service\Infrastructure\Elsha3er Presistence\Elsha3er Presistence.csproj", "{7713DC6B-0CD8-4617-8D1E-3E5FF412547B}"
EndProject
Global
	GlobalSection(SolutionConfigurationPlatforms) = preSolution
		Debug|Any CPU = Debug|Any CPU
		Release|Any CPU = Release|Any CPU
	EndGlobalSection
	GlobalSection(ProjectConfigurationPlatforms) = postSolution
		{47CE600A-5700-4A1C-92E3-693C7259826D}.Debug|Any CPU.ActiveCfg = Debug|Any CPU
		{47CE600A-5700-4A1C-92E3-693C7259826D}.Debug|Any CPU.Build.0 = Debug|Any CPU
		{47CE600A-5700-4A1C-92E3-693C7259826D}.Release|Any CPU.ActiveCfg = Release|Any CPU
		{47CE600A-5700-4A1C-92E3-693C7259826D}.Release|Any CPU.Build.0 = Release|Any CPU
		{D96E7980-8A33-45AC-AB8E-E12E1D774D45}.Debug|Any CPU.ActiveCfg = Debug|Any CPU
		{D96E7980-8A33-45AC-AB8E-E12E1D774D45}.Debug|Any CPU.Build.0 = Debug|Any CPU
		{D96E7980-8A33-45AC-AB8E-E12E1D774D45}.Release|Any CPU.ActiveCfg = Release|Any CPU
		{D96E7980-8A33-45AC-AB8E-E12E1D774D45}.Release|Any CPU.Build.0 = Release|Any CPU
		{227CBC43-006A-4CB4-8EFB-6BE647129818}.Debug|Any CPU.ActiveCfg = Debug|Any CPU
		{227CBC43-006A-4CB4-8EFB-6BE647129818}.Debug|Any CPU.Build.0 = Debug|Any CPU
		{227CBC43-006A-4CB4-8EFB-6BE647129818}.Release|Any CPU.ActiveCfg = Release|Any CPU
		{227CBC43-006A-4CB4-8EFB-6BE647129818}.Release|Any CPU.Build.0 = Release|Any CPU
		{219E8CA9-88FB-46F8-8AA9-D1740E6FBF67}.Debug|Any CPU.ActiveCfg = Debug|Any CPU
		{219E8CA9-88FB-46F8-8AA9-D1740E6FBF67}.Debug|Any CPU.Build.0 = Debug|Any CPU
		{219E8CA9-88FB-46F8-8AA9-D1740E6FBF67}.Release|Any CPU.ActiveCfg = Release|Any CPU
		{219E8CA9-88FB-46F8-8AA9-D1740E6FBF67}.Release|Any CPU.Build.0 = Release|Any CPU
		{8F28807A-20E9-4609-B256-84F178B689E4}.Debug|Any CPU.ActiveCfg = Debug|Any CPU
		{8F28807A-20E9-4609-B256-84F178B689E4}.Debug|Any CPU.Build.0 = Debug|Any CPU
		{8F28807A-20E9-4609-B256-84F178B689E4}.Release|Any CPU.ActiveCfg = Release|Any CPU
		{8F28807A-20E9-4609-B256-84F178B689E4}.Release|Any CPU.Build.0 = Release|Any CPU
		{66688F77-3657-49CC-B8C4-8A54AFD7E6EA}.Debug|Any CPU.ActiveCfg = Debug|Any CPU
		{66688F77-3657-49CC-B8C4-8A54AFD7E6EA}.Debug|Any CPU.Build.0 = Debug|Any CPU
		{66688F77-3657-49CC-B8C4-8A54AFD7E6EA}.Release|Any CPU.ActiveCfg = Release|Any CPU
		{66688F77-3657-49CC-B8C4-8A54AFD7E6EA}.Release|Any CPU.Build.0 = Release|Any CPU
		{4D1DFA76-9C1E-490B-B5F9-FD663B549DD4}.Debug|Any CPU.ActiveCfg = Debug|Any CPU
		{4D1DFA76-9C1E-490B-B5F9-FD663B549DD4}.Debug|Any CPU.Build.0 = Debug|Any CPU
		{4D1DFA76-9C1E-490B-B5F9-FD663B549DD4}.Release|Any CPU.ActiveCfg = Release|Any CPU
		{4D1DFA76-9C1E-490B-B5F9-FD663B549DD4}.Release|Any CPU.Build.0 = Release|Any CPU
		{D40EE146-AB6A-453E-B6AF-37866A3E4B01}.Debug|Any CPU.ActiveCfg = Debug|Any CPU
		{D40EE146-AB6A-453E-B6AF-37866A3E4B01}.Debug|Any CPU.Build.0 = Debug|Any CPU
		{D40EE146-AB6A-453E-B6AF-37866A3E4B01}.Release|Any CPU.ActiveCfg = Release|Any CPU
		{D40EE146-AB6A-453E-B6AF-37866A3E4B01}.Release|Any CPU.Build.0 = Release|Any CPU
		{5E245712-99F3-4788-913D-BE29B2F598C5}.Debug|Any CPU.ActiveCfg = Debug|Any CPU
		{5E245712-99F3-4788-913D-BE29B2F598C5}.Debug|Any CPU.Build.0 = Debug|Any CPU
		{5E245712-99F3-4788-913D-BE29B2F598C5}.Release|Any CPU.ActiveCfg = Release|Any CPU
		{5E245712-99F3-4788-913D-BE29B2F598C5}.Release|Any CPU.Build.0 = Release|Any CPU
		{4BDCC3A3-117F-4C99-AEE9-2281090EE9F9}.Debug|Any CPU.ActiveCfg = Debug|Any CPU
		{4BDCC3A3-117F-4C99-AEE9-2281090EE9F9}.Debug|Any CPU.Build.0 = Debug|Any CPU
		{4BDCC3A3-117F-4C99-AEE9-2281090EE9F9}.Release|Any CPU.ActiveCfg = Release|Any CPU
		{4BDCC3A3-117F-4C99-AEE9-2281090EE9F9}.Release|Any CPU.Build.0 = Release|Any CPU
		{97741FE1-0143-4365-B110-B999A60F0B5F}.Debug|Any CPU.ActiveCfg = Debug|Any CPU
		{97741FE1-0143-4365-B110-B999A60F0B5F}.Debug|Any CPU.Build.0 = Debug|Any CPU
		{97741FE1-0143-4365-B110-B999A60F0B5F}.Release|Any CPU.ActiveCfg = Release|Any CPU
		{97741FE1-0143-4365-B110-B999A60F0B5F}.Release|Any CPU.Build.0 = Release|Any CPU
		{3E47AE24-DC3E-46C6-8047-B865A1A5F0F9}.Debug|Any CPU.ActiveCfg = Debug|Any CPU
		{3E47AE24-DC3E-46C6-8047-B865A1A5F0F9}.Debug|Any CPU.Build.0 = Debug|Any CPU
		{3E47AE24-DC3E-46C6-8047-B865A1A5F0F9}.Release|Any CPU.ActiveCfg = Release|Any CPU
		{3E47AE24-DC3E-46C6-8047-B865A1A5F0F9}.Release|Any CPU.Build.0 = Release|Any CPU
		{97A3EACE-1B9C-4D46-A336-C675918D7427}.Debug|Any CPU.ActiveCfg = Debug|Any CPU
		{97A3EACE-1B9C-4D46-A336-C675918D7427}.Debug|Any CPU.Build.0 = Debug|Any CPU
		{97A3EACE-1B9C-4D46-A336-C675918D7427}.Release|Any CPU.ActiveCfg = Release|Any CPU
		{97A3EACE-1B9C-4D46-A336-C675918D7427}.Release|Any CPU.Build.0 = Release|Any CPU
		{7713DC6B-0CD8-4617-8D1E-3E5FF412547B}.Debug|Any CPU.ActiveCfg = Debug|Any CPU
		{7713DC6B-0CD8-4617-8D1E-3E5FF412547B}.Debug|Any CPU.Build.0 = Debug|Any CPU
		{7713DC6B-0CD8-4617-8D1E-3E5FF412547B}.Release|Any CPU.ActiveCfg = Release|Any CPU
		{7713DC6B-0CD8-4617-8D1E-3E5FF412547B}.Release|Any CPU.Build.0 = Release|Any CPU
	EndGlobalSection
	GlobalSection(SolutionProperties) = preSolution
		HideSolutionNode = FALSE
	EndGlobalSection
	GlobalSection(NestedProjects) = preSolution
		{47CE600A-5700-4A1C-92E3-693C7259826D} = {C2D0312A-5D65-4509-AB4F-7444BF6CC76C}
		{48081EA9-F78E-44BB-AD8B-383328EDEC5A} = {C2D0312A-5D65-4509-AB4F-7444BF6CC76C}
		{D96E7980-8A33-45AC-AB8E-E12E1D774D45} = {48081EA9-F78E-44BB-AD8B-383328EDEC5A}
		{227CBC43-006A-4CB4-8EFB-6BE647129818} = {48081EA9-F78E-44BB-AD8B-383328EDEC5A}
		{219E8CA9-88FB-46F8-8AA9-D1740E6FBF67} = {48081EA9-F78E-44BB-AD8B-383328EDEC5A}
		{95BFA1DA-BE71-405E-9985-01CBEE0A13D7} = {C2D0312A-5D65-4509-AB4F-7444BF6CC76C}
		{8F28807A-20E9-4609-B256-84F178B689E4} = {95BFA1DA-BE71-405E-9985-01CBEE0A13D7}
		{66688F77-3657-49CC-B8C4-8A54AFD7E6EA} = {95BFA1DA-BE71-405E-9985-01CBEE0A13D7}
		{4D1DFA76-9C1E-490B-B5F9-FD663B549DD4} = {C2D0312A-5D65-4509-AB4F-7444BF6CC76C}
		{D40EE146-AB6A-453E-B6AF-37866A3E4B01} = {869A1232-B3F3-4F09-8FE5-BCD88A69689E}
		{DFE49464-2956-4029-AF66-2129275B9EA8} = {869A1232-B3F3-4F09-8FE5-BCD88A69689E}
		{5E245712-99F3-4788-913D-BE29B2F598C5} = {DFE49464-2956-4029-AF66-2129275B9EA8}
		{4BDCC3A3-117F-4C99-AEE9-2281090EE9F9} = {DFE49464-2956-4029-AF66-2129275B9EA8}
		{97741FE1-0143-4365-B110-B999A60F0B5F} = {DFE49464-2956-4029-AF66-2129275B9EA8}
		{A9E6A1C1-67CB-4D2B-B14A-54D97AE84594} = {869A1232-B3F3-4F09-8FE5-BCD88A69689E}
		{3E47AE24-DC3E-46C6-8047-B865A1A5F0F9} = {869A1232-B3F3-4F09-8FE5-BCD88A69689E}
		{97A3EACE-1B9C-4D46-A336-C675918D7427} = {A9E6A1C1-67CB-4D2B-B14A-54D97AE84594}
		{7713DC6B-0CD8-4617-8D1E-3E5FF412547B} = {A9E6A1C1-67CB-4D2B-B14A-54D97AE84594}
	EndGlobalSection
EndGlobal
